version = 1
revision = 1
requires-python = ">=3.12"

[[package]]
name = "gnupg-key-generator"
version = "0.1.0"
source = { virtual = "." }
dependencies = [
    { name = "python-gnupg" },
]

[package.metadata]
requires-dist = [{ name = "python-gnupg", specifier = ">=0.5.4" }]

[[package]]
name = "python-gnupg"
version = "0.5.4"
source = { registry = "https://pypi.org/simple" }
sdist = { url = "https://files.pythonhosted.org/packages/f1/3e/ba0dc69c9f4e0aeb24d93175230ef057c151790a7516012f61014918992d/python-gnupg-0.5.4.tar.gz", hash = "sha256:f2fdb5fb29615c77c2743e1cb3d9314353a6e87b10c37d238d91ae1c6feae086", size = 65705 }
wheels = [
    { url = "https://files.pythonhosted.org/packages/7b/5b/6666ed5a0d3ce4d5444af62e373d5ba8ab253a03487c86f2f9f1078e7c31/python_gnupg-0.5.4-py2.py3-none-any.whl", hash = "sha256:40ce25cde9df29af91fe931ce9df3ce544e14a37f62b13ca878c897217b2de6c", size = 21730 },
]
